// !$*UTF8*$!
{
	archiveVersion = 1;
	classes = {
	};
	objectVersion = 56;
	objects = {

/* Begin PBXBuildFile section */
		C70E22312ACBE21400F7229A /* LaunchView.swift in Sources */ = {isa = PBXBuildFile; fileRef = C70E22302ACBE21400F7229A /* LaunchView.swift */; };
		C71FC5E32AC98EE700C44193 /* ProfilesHomeView.swift in Sources */ = {isa = PBXBuildFile; fileRef = C71FC5E22AC98EE700C44193 /* ProfilesHomeView.swift */; };
		C724CA3B2AC57D5700D31458 /* ButtonCutemsLogin.swift in Sources */ = {isa = PBXBuildFile; fileRef = C724CA3A2AC57D5700D31458 /* ButtonCutemsLogin.swift */; };
		C724CA3D2AC580FE00D31458 /* CornerRadiusStyle.swift in Sources */ = {isa = PBXBuildFile; fileRef = C724CA3C2AC580FE00D31458 /* CornerRadiusStyle.swift */; };
		C724CA3F2AC5830300D31458 /* SignInMethodGoogleView.swift in Sources */ = {isa = PBXBuildFile; fileRef = C724CA3E2AC5830300D31458 /* SignInMethodGoogleView.swift */; };
		C724CA412AC58B9700D31458 /* SignInMethodGoogle.swift in Sources */ = {isa = PBXBuildFile; fileRef = C724CA402AC58B9700D31458 /* SignInMethodGoogle.swift */; };
		C74DD7052AC7EB21003BD704 /* ButtonDismiss.swift in Sources */ = {isa = PBXBuildFile; fileRef = C74DD7042AC7EB21003BD704 /* ButtonDismiss.swift */; };
		C74DD7072AC7EDBC003BD704 /* PopupCutemsView.swift in Sources */ = {isa = PBXBuildFile; fileRef = C74DD7062AC7EDBC003BD704 /* PopupCutemsView.swift */; };
		C74DD70B2AC80483003BD704 /* AuthenticationManager.swift in Sources */ = {isa = PBXBuildFile; fileRef = C74DD70A2AC80483003BD704 /* AuthenticationManager.swift */; };
		C74DD70D2AC8048C003BD704 /* SignInGoogleHelper.swift in Sources */ = {isa = PBXBuildFile; fileRef = C74DD70C2AC8048C003BD704 /* SignInGoogleHelper.swift */; };
		C74DD70F2AC80494003BD704 /* SignInAppleHelper.swift in Sources */ = {isa = PBXBuildFile; fileRef = C74DD70E2AC80494003BD704 /* SignInAppleHelper.swift */; };
		C764E1852ACE90F6005CBB56 /* TabBarItem.swift in Sources */ = {isa = PBXBuildFile; fileRef = C764E1802ACE90F6005CBB56 /* TabBarItem.swift */; };
		C764E1862ACE90F6005CBB56 /* CustomTabBarView.swift in Sources */ = {isa = PBXBuildFile; fileRef = C764E1812ACE90F6005CBB56 /* CustomTabBarView.swift */; };
		C764E1872ACE90F6005CBB56 /* TabBarItemsPreferenceKey.swift in Sources */ = {isa = PBXBuildFile; fileRef = C764E1822ACE90F6005CBB56 /* TabBarItemsPreferenceKey.swift */; };
		C764E1882ACE90F6005CBB56 /* AppTabBarView.swift in Sources */ = {isa = PBXBuildFile; fileRef = C764E1832ACE90F6005CBB56 /* AppTabBarView.swift */; };
		C764E1892ACE90F6005CBB56 /* CustomTabBarContainerView.swift in Sources */ = {isa = PBXBuildFile; fileRef = C764E1842ACE90F6005CBB56 /* CustomTabBarContainerView.swift */; };
		C77BE36B2ACA81C700A38A37 /* InfoView.swift in Sources */ = {isa = PBXBuildFile; fileRef = C77BE36A2ACA81C700A38A37 /* InfoView.swift */; };
		C78998B92ACC4BFE0087A067 /* LocationDitelsView.swift in Sources */ = {isa = PBXBuildFile; fileRef = C78998B82ACC4BFE0087A067 /* LocationDitelsView.swift */; };
		C7A9E5752AC3F78600AC2CAF /* ContentMapViewMolde.swift in Sources */ = {isa = PBXBuildFile; fileRef = C7A9E5742AC3F78600AC2CAF /* ContentMapViewMolde.swift */; };
		C7A9E5782AC3FAB300AC2CAF /* EditProfilesView.swift in Sources */ = {isa = PBXBuildFile; fileRef = C7A9E5772AC3FAB300AC2CAF /* EditProfilesView.swift */; };
		C7A9E57A2AC3FB2C00AC2CAF /* ImagePicker.swift in Sources */ = {isa = PBXBuildFile; fileRef = C7A9E5792AC3FB2C00AC2CAF /* ImagePicker.swift */; };
		C7A9E57C2AC3FD8100AC2CAF /* Color.swift in Sources */ = {isa = PBXBuildFile; fileRef = C7A9E57B2AC3FD8100AC2CAF /* Color.swift */; };
		C7A9E57E2AC3FE6800AC2CAF /* ProfilesViewMolde.swift in Sources */ = {isa = PBXBuildFile; fileRef = C7A9E57D2AC3FE6800AC2CAF /* ProfilesViewMolde.swift */; };
		C7A9E5812AC4162600AC2CAF /* SignIn.swift in Sources */ = {isa = PBXBuildFile; fileRef = C7A9E5802AC4162600AC2CAF /* SignIn.swift */; };
		C7BB1BCC2AD3E3AE00739B16 /* AvatersView.swift in Sources */ = {isa = PBXBuildFile; fileRef = C7BB1BCB2AD3E3AE00739B16 /* AvatersView.swift */; };
		C7BB1BCE2AD3E61700739B16 /* SelctionImageOrAvView.swift in Sources */ = {isa = PBXBuildFile; fileRef = C7BB1BCD2AD3E61700739B16 /* SelctionImageOrAvView.swift */; };
		C7BB1BD02AD3E92200739B16 /* ImagesSectionView.swift in Sources */ = {isa = PBXBuildFile; fileRef = C7BB1BCF2AD3E92200739B16 /* ImagesSectionView.swift */; };
		C7BB1BD22AD405FC00739B16 /* WhatDoView.swift in Sources */ = {isa = PBXBuildFile; fileRef = C7BB1BD12AD405FC00739B16 /* WhatDoView.swift */; };
		C7DE6E292ACC25E90012A8FD /* BottomSheetView.swift in Sources */ = {isa = PBXBuildFile; fileRef = C7DE6E282ACC25E90012A8FD /* BottomSheetView.swift */; };
		C7DE6E2B2ACC2AB30012A8FD /* MapHomeView.swift in Sources */ = {isa = PBXBuildFile; fileRef = C7DE6E2A2ACC2AB30012A8FD /* MapHomeView.swift */; };
		C7F16E382AC2DA7000EEA6F6 /* BubbleApp.swift in Sources */ = {isa = PBXBuildFile; fileRef = C7F16E372AC2DA7000EEA6F6 /* BubbleApp.swift */; };
		C7F16E3C2AC2DA7100EEA6F6 /* Assets.xcassets in Resources */ = {isa = PBXBuildFile; fileRef = C7F16E3B2AC2DA7100EEA6F6 /* Assets.xcassets */; };
		C7F16E3F2AC2DA7100EEA6F6 /* Preview Assets.xcassets in Resources */ = {isa = PBXBuildFile; fileRef = C7F16E3E2AC2DA7100EEA6F6 /* Preview Assets.xcassets */; };
		C7F16E4D2AC2DC9700EEA6F6 /* Launch Screen.storyboard in Resources */ = {isa = PBXBuildFile; fileRef = C7F16E4C2AC2DC9700EEA6F6 /* Launch Screen.storyboard */; };
		C7F16E502AC2DD4E00EEA6F6 /* HeaderUser.swift in Sources */ = {isa = PBXBuildFile; fileRef = C7F16E4F2AC2DD4E00EEA6F6 /* HeaderUser.swift */; };
		C7F16E522AC2E3A900EEA6F6 /* FluidGradientColor.swift in Sources */ = {isa = PBXBuildFile; fileRef = C7F16E512AC2E3A900EEA6F6 /* FluidGradientColor.swift */; };
/* End PBXBuildFile section */

/* Begin PBXFileReference section */
		C70E22302ACBE21400F7229A /* LaunchView.swift */ = {isa = PBXFileReference; lastKnownFileType = sourcecode.swift; path = LaunchView.swift; sourceTree = "<group>"; };
		C71FC5E22AC98EE700C44193 /* ProfilesHomeView.swift */ = {isa = PBXFileReference; lastKnownFileType = sourcecode.swift; path = ProfilesHomeView.swift; sourceTree = "<group>"; };
		C724CA3A2AC57D5700D31458 /* ButtonCutemsLogin.swift */ = {isa = PBXFileReference; lastKnownFileType = sourcecode.swift; path = ButtonCutemsLogin.swift; sourceTree = "<group>"; };
		C724CA3C2AC580FE00D31458 /* CornerRadiusStyle.swift */ = {isa = PBXFileReference; lastKnownFileType = sourcecode.swift; path = CornerRadiusStyle.swift; sourceTree = "<group>"; };
		C724CA3E2AC5830300D31458 /* SignInMethodGoogleView.swift */ = {isa = PBXFileReference; lastKnownFileType = sourcecode.swift; path = SignInMethodGoogleView.swift; sourceTree = "<group>"; };
		C724CA402AC58B9700D31458 /* SignInMethodGoogle.swift */ = {isa = PBXFileReference; lastKnownFileType = sourcecode.swift; path = SignInMethodGoogle.swift; sourceTree = "<group>"; };
		C74DD7042AC7EB21003BD704 /* ButtonDismiss.swift */ = {isa = PBXFileReference; lastKnownFileType = sourcecode.swift; path = ButtonDismiss.swift; sourceTree = "<group>"; };
		C74DD7062AC7EDBC003BD704 /* PopupCutemsView.swift */ = {isa = PBXFileReference; lastKnownFileType = sourcecode.swift; path = PopupCutemsView.swift; sourceTree = "<group>"; };
		C74DD70A2AC80483003BD704 /* AuthenticationManager.swift */ = {isa = PBXFileReference; lastKnownFileType = sourcecode.swift; path = AuthenticationManager.swift; sourceTree = "<group>"; };
		C74DD70C2AC8048C003BD704 /* SignInGoogleHelper.swift */ = {isa = PBXFileReference; lastKnownFileType = sourcecode.swift; path = SignInGoogleHelper.swift; sourceTree = "<group>"; };
		C74DD70E2AC80494003BD704 /* SignInAppleHelper.swift */ = {isa = PBXFileReference; lastKnownFileType = sourcecode.swift; path = SignInAppleHelper.swift; sourceTree = "<group>"; };
		C764E1802ACE90F6005CBB56 /* TabBarItem.swift */ = {isa = PBXFileReference; fileEncoding = 4; lastKnownFileType = sourcecode.swift; path = TabBarItem.swift; sourceTree = "<group>"; };
		C764E1812ACE90F6005CBB56 /* CustomTabBarView.swift */ = {isa = PBXFileReference; fileEncoding = 4; lastKnownFileType = sourcecode.swift; path = CustomTabBarView.swift; sourceTree = "<group>"; };
		C764E1822ACE90F6005CBB56 /* TabBarItemsPreferenceKey.swift */ = {isa = PBXFileReference; fileEncoding = 4; lastKnownFileType = sourcecode.swift; path = TabBarItemsPreferenceKey.swift; sourceTree = "<group>"; };
		C764E1832ACE90F6005CBB56 /* AppTabBarView.swift */ = {isa = PBXFileReference; fileEncoding = 4; lastKnownFileType = sourcecode.swift; path = AppTabBarView.swift; sourceTree = "<group>"; };
		C764E1842ACE90F6005CBB56 /* CustomTabBarContainerView.swift */ = {isa = PBXFileReference; fileEncoding = 4; lastKnownFileType = sourcecode.swift; path = CustomTabBarContainerView.swift; sourceTree = "<group>"; };
		C77BE36A2ACA81C700A38A37 /* InfoView.swift */ = {isa = PBXFileReference; lastKnownFileType = sourcecode.swift; path = InfoView.swift; sourceTree = "<group>"; };
		C78998B82ACC4BFE0087A067 /* LocationDitelsView.swift */ = {isa = PBXFileReference; lastKnownFileType = sourcecode.swift; path = LocationDitelsView.swift; sourceTree = "<group>"; };
		C7A9E5742AC3F78600AC2CAF /* ContentMapViewMolde.swift */ = {isa = PBXFileReference; lastKnownFileType = sourcecode.swift; path = ContentMapViewMolde.swift; sourceTree = "<group>"; };
		C7A9E5772AC3FAB300AC2CAF /* EditProfilesView.swift */ = {isa = PBXFileReference; lastKnownFileType = sourcecode.swift; path = EditProfilesView.swift; sourceTree = "<group>"; };
		C7A9E5792AC3FB2C00AC2CAF /* ImagePicker.swift */ = {isa = PBXFileReference; lastKnownFileType = sourcecode.swift; path = ImagePicker.swift; sourceTree = "<group>"; };
		C7A9E57B2AC3FD8100AC2CAF /* Color.swift */ = {isa = PBXFileReference; lastKnownFileType = sourcecode.swift; path = Color.swift; sourceTree = "<group>"; };
		C7A9E57D2AC3FE6800AC2CAF /* ProfilesViewMolde.swift */ = {isa = PBXFileReference; lastKnownFileType = sourcecode.swift; path = ProfilesViewMolde.swift; sourceTree = "<group>"; };
		C7A9E5802AC4162600AC2CAF /* SignIn.swift */ = {isa = PBXFileReference; lastKnownFileType = sourcecode.swift; path = SignIn.swift; sourceTree = "<group>"; };
		C7BB1BCB2AD3E3AE00739B16 /* AvatersView.swift */ = {isa = PBXFileReference; lastKnownFileType = sourcecode.swift; path = AvatersView.swift; sourceTree = "<group>"; };
		C7BB1BCD2AD3E61700739B16 /* SelctionImageOrAvView.swift */ = {isa = PBXFileReference; lastKnownFileType = sourcecode.swift; path = SelctionImageOrAvView.swift; sourceTree = "<group>"; };
		C7BB1BCF2AD3E92200739B16 /* ImagesSectionView.swift */ = {isa = PBXFileReference; lastKnownFileType = sourcecode.swift; path = ImagesSectionView.swift; sourceTree = "<group>"; };
		C7BB1BD12AD405FC00739B16 /* WhatDoView.swift */ = {isa = PBXFileReference; lastKnownFileType = sourcecode.swift; path = WhatDoView.swift; sourceTree = "<group>"; };
		C7DE6E282ACC25E90012A8FD /* BottomSheetView.swift */ = {isa = PBXFileReference; lastKnownFileType = sourcecode.swift; path = BottomSheetView.swift; sourceTree = "<group>"; };
		C7DE6E2A2ACC2AB30012A8FD /* MapHomeView.swift */ = {isa = PBXFileReference; lastKnownFileType = sourcecode.swift; path = MapHomeView.swift; sourceTree = "<group>"; };
		C7F16E342AC2DA7000EEA6F6 /* Bubble.app */ = {isa = PBXFileReference; explicitFileType = wrapper.application; includeInIndex = 0; path = Bubble.app; sourceTree = BUILT_PRODUCTS_DIR; };
		C7F16E372AC2DA7000EEA6F6 /* BubbleApp.swift */ = {isa = PBXFileReference; lastKnownFileType = sourcecode.swift; path = BubbleApp.swift; sourceTree = "<group>"; };
		C7F16E3B2AC2DA7100EEA6F6 /* Assets.xcassets */ = {isa = PBXFileReference; lastKnownFileType = folder.assetcatalog; path = Assets.xcassets; sourceTree = "<group>"; };
		C7F16E3E2AC2DA7100EEA6F6 /* Preview Assets.xcassets */ = {isa = PBXFileReference; lastKnownFileType = folder.assetcatalog; path = "Preview Assets.xcassets"; sourceTree = "<group>"; };
		C7F16E4C2AC2DC9700EEA6F6 /* Launch Screen.storyboard */ = {isa = PBXFileReference; lastKnownFileType = file.storyboard; path = "Launch Screen.storyboard"; sourceTree = "<group>"; };
		C7F16E4F2AC2DD4E00EEA6F6 /* HeaderUser.swift */ = {isa = PBXFileReference; lastKnownFileType = sourcecode.swift; path = HeaderUser.swift; sourceTree = "<group>"; };
		C7F16E512AC2E3A900EEA6F6 /* FluidGradientColor.swift */ = {isa = PBXFileReference; lastKnownFileType = sourcecode.swift; path = FluidGradientColor.swift; sourceTree = "<group>"; };
/* End PBXFileReference section */

/* Begin PBXFrameworksBuildPhase section */
		C7F16E312AC2DA7000EEA6F6 /* Frameworks */ = {
			isa = PBXFrameworksBuildPhase;
			buildActionMask = 2147483647;
			files = (
			);
			runOnlyForDeploymentPostprocessing = 0;
		};
/* End PBXFrameworksBuildPhase section */

/* Begin PBXGroup section */
		C71FC5DF2AC97B3600C44193 /* Navigations */ = {
			isa = PBXGroup;
			children = (
				C764E1832ACE90F6005CBB56 /* AppTabBarView.swift */,
				C764E17F2ACE90F6005CBB56 /* CustomTabBar */,
			);
			path = Navigations;
			sourceTree = "<group>";
		};
		C74DD7082AC7EDC1003BD704 /* PopupView */ = {
			isa = PBXGroup;
			children = (
				C74DD7062AC7EDBC003BD704 /* PopupCutemsView.swift */,
			);
			path = PopupView;
			sourceTree = "<group>";
		};
		C74DD7092AC80470003BD704 /* Authentication */ = {
			isa = PBXGroup;
			children = (
				C74DD70A2AC80483003BD704 /* AuthenticationManager.swift */,
				C74DD70C2AC8048C003BD704 /* SignInGoogleHelper.swift */,
				C74DD70E2AC80494003BD704 /* SignInAppleHelper.swift */,
			);
			path = Authentication;
			sourceTree = "<group>";
		};
		C74DD7102AC80509003BD704 /* Firestore */ = {
			isa = PBXGroup;
			children = (
			);
			path = Firestore;
			sourceTree = "<group>";
		};
		C764E17F2ACE90F6005CBB56 /* CustomTabBar */ = {
			isa = PBXGroup;
			children = (
				C764E1802ACE90F6005CBB56 /* TabBarItem.swift */,
				C764E1812ACE90F6005CBB56 /* CustomTabBarView.swift */,
				C764E1822ACE90F6005CBB56 /* TabBarItemsPreferenceKey.swift */,
				C764E1842ACE90F6005CBB56 /* CustomTabBarContainerView.swift */,
			);
			path = CustomTabBar;
			sourceTree = "<group>";
		};
		C7A9E5762AC3FAA200AC2CAF /* Profiles */ = {
			isa = PBXGroup;
			children = (
				C71FC5E22AC98EE700C44193 /* ProfilesHomeView.swift */,
				C77BE36A2ACA81C700A38A37 /* InfoView.swift */,
				C7A9E5772AC3FAB300AC2CAF /* EditProfilesView.swift */,
				C7BB1BCB2AD3E3AE00739B16 /* AvatersView.swift */,
				C7BB1BCD2AD3E61700739B16 /* SelctionImageOrAvView.swift */,
				C7BB1BCF2AD3E92200739B16 /* ImagesSectionView.swift */,
				C7A9E57D2AC3FE6800AC2CAF /* ProfilesViewMolde.swift */,
				C7A9E5792AC3FB2C00AC2CAF /* ImagePicker.swift */,
			);
			path = Profiles;
			sourceTree = "<group>";
		};
		C7A9E57F2AC415F100AC2CAF /* Register */ = {
			isa = PBXGroup;
			children = (
				C7A9E5802AC4162600AC2CAF /* SignIn.swift */,
				C724CA3E2AC5830300D31458 /* SignInMethodGoogleView.swift */,
				C724CA402AC58B9700D31458 /* SignInMethodGoogle.swift */,
			);
			path = Register;
			sourceTree = "<group>";
		};
		C7F16E2B2AC2DA7000EEA6F6 = {
			isa = PBXGroup;
			children = (
				C7F16E362AC2DA7000EEA6F6 /* Bubble */,
				C7F16E352AC2DA7000EEA6F6 /* Products */,
			);
			sourceTree = "<group>";
		};
		C7F16E352AC2DA7000EEA6F6 /* Products */ = {
			isa = PBXGroup;
			children = (
				C7F16E342AC2DA7000EEA6F6 /* Bubble.app */,
			);
			name = Products;
			sourceTree = "<group>";
		};
		C7F16E362AC2DA7000EEA6F6 /* Bubble */ = {
			isa = PBXGroup;
			children = (
				C7F16E372AC2DA7000EEA6F6 /* BubbleApp.swift */,
				C7F16E472AC2DB5000EEA6F6 /* Utilities */,
				C74DD7092AC80470003BD704 /* Authentication */,
				C74DD7102AC80509003BD704 /* Firestore */,
				C7F16E462AC2DB4000EEA6F6 /* Extensions */,
				C7F16E452AC2DB1400EEA6F6 /* Core */,
				C7F16E3B2AC2DA7100EEA6F6 /* Assets.xcassets */,
				C7F16E3D2AC2DA7100EEA6F6 /* Preview Content */,
			);
			path = Bubble;
			sourceTree = "<group>";
		};
		C7F16E3D2AC2DA7100EEA6F6 /* Preview Content */ = {
			isa = PBXGroup;
			children = (
				C7F16E3E2AC2DA7100EEA6F6 /* Preview Assets.xcassets */,
			);
			path = "Preview Content";
			sourceTree = "<group>";
		};
		C7F16E452AC2DB1400EEA6F6 /* Core */ = {
			isa = PBXGroup;
			children = (
				C71FC5DF2AC97B3600C44193 /* Navigations */,
				C7F16E4B2AC2DC8C00EEA6F6 /* Launch */,
				C7F16E4E2AC2DCCD00EEA6F6 /* Components */,
				C7A9E57F2AC415F100AC2CAF /* Register */,
				C7F16E482AC2DB9B00EEA6F6 /* Home */,
				C7A9E5762AC3FAA200AC2CAF /* Profiles */,
			);
			path = Core;
			sourceTree = "<group>";
		};
		C7F16E462AC2DB4000EEA6F6 /* Extensions */ = {
			isa = PBXGroup;
			children = (
				C7A9E57B2AC3FD8100AC2CAF /* Color.swift */,
			);
			path = Extensions;
			sourceTree = "<group>";
		};
		C7F16E472AC2DB5000EEA6F6 /* Utilities */ = {
			isa = PBXGroup;
			children = (
			);
			path = Utilities;
			sourceTree = "<group>";
		};
		C7F16E482AC2DB9B00EEA6F6 /* Home */ = {
			isa = PBXGroup;
			children = (
				C7DE6E2A2ACC2AB30012A8FD /* MapHomeView.swift */,
				C78998B82ACC4BFE0087A067 /* LocationDitelsView.swift */,
				C7A9E5742AC3F78600AC2CAF /* ContentMapViewMolde.swift */,
				C7BB1BD12AD405FC00739B16 /* WhatDoView.swift */,
			);
			path = Home;
			sourceTree = "<group>";
		};
		C7F16E4B2AC2DC8C00EEA6F6 /* Launch */ = {
			isa = PBXGroup;
			children = (
				C7F16E4C2AC2DC9700EEA6F6 /* Launch Screen.storyboard */,
				C70E22302ACBE21400F7229A /* LaunchView.swift */,
			);
			path = Launch;
			sourceTree = "<group>";
		};
		C7F16E4E2AC2DCCD00EEA6F6 /* Components */ = {
			isa = PBXGroup;
			children = (
				C7F16E4F2AC2DD4E00EEA6F6 /* HeaderUser.swift */,
				C7F16E512AC2E3A900EEA6F6 /* FluidGradientColor.swift */,
				C724CA3A2AC57D5700D31458 /* ButtonCutemsLogin.swift */,
				C724CA3C2AC580FE00D31458 /* CornerRadiusStyle.swift */,
				C74DD7042AC7EB21003BD704 /* ButtonDismiss.swift */,
				C74DD7082AC7EDC1003BD704 /* PopupView */,
				C7DE6E282ACC25E90012A8FD /* BottomSheetView.swift */,
			);
			path = Components;
			sourceTree = "<group>";
		};
/* End PBXGroup section */

/* Begin PBXNativeTarget section */
		C7F16E332AC2DA7000EEA6F6 /* Bubble */ = {
			isa = PBXNativeTarget;
			buildConfigurationList = C7F16E422AC2DA7100EEA6F6 /* Build configuration list for PBXNativeTarget "Bubble" */;
			buildPhases = (
				C7F16E302AC2DA7000EEA6F6 /* Sources */,
				C7F16E312AC2DA7000EEA6F6 /* Frameworks */,
				C7F16E322AC2DA7000EEA6F6 /* Resources */,
			);
			buildRules = (
			);
			dependencies = (
			);
			name = Bubble;
			productName = Bubble;
			productReference = C7F16E342AC2DA7000EEA6F6 /* Bubble.app */;
			productType = "com.apple.product-type.application";
		};
/* End PBXNativeTarget section */

/* Begin PBXProject section */
		C7F16E2C2AC2DA7000EEA6F6 /* Project object */ = {
			isa = PBXProject;
			attributes = {
				BuildIndependentTargetsInParallel = 1;
				LastSwiftUpdateCheck = 1500;
				LastUpgradeCheck = 1500;
				TargetAttributes = {
					C7F16E332AC2DA7000EEA6F6 = {
						CreatedOnToolsVersion = 15.0;
					};
				};
			};
			buildConfigurationList = C7F16E2F2AC2DA7000EEA6F6 /* Build configuration list for PBXProject "Bubble" */;
			compatibilityVersion = "Xcode 14.0";
			developmentRegion = en;
			hasScannedForEncodings = 0;
			knownRegions = (
				en,
				Base,
			);
			mainGroup = C7F16E2B2AC2DA7000EEA6F6;
			productRefGroup = C7F16E352AC2DA7000EEA6F6 /* Products */;
			projectDirPath = "";
			projectRoot = "";
			targets = (
				C7F16E332AC2DA7000EEA6F6 /* Bubble */,
			);
		};
/* End PBXProject section */

/* Begin PBXResourcesBuildPhase section */
		C7F16E322AC2DA7000EEA6F6 /* Resources */ = {
			isa = PBXResourcesBuildPhase;
			buildActionMask = 2147483647;
			files = (
				C7F16E4D2AC2DC9700EEA6F6 /* Launch Screen.storyboard in Resources */,
				C7F16E3F2AC2DA7100EEA6F6 /* Preview Assets.xcassets in Resources */,
				C7F16E3C2AC2DA7100EEA6F6 /* Assets.xcassets in Resources */,
			);
			runOnlyForDeploymentPostprocessing = 0;
		};
/* End PBXResourcesBuildPhase section */

/* Begin PBXSourcesBuildPhase section */
		C7F16E302AC2DA7000EEA6F6 /* Sources */ = {
			isa = PBXSourcesBuildPhase;
			buildActionMask = 2147483647;
			files = (
				C764E1862ACE90F6005CBB56 /* CustomTabBarView.swift in Sources */,
				C7F16E522AC2E3A900EEA6F6 /* FluidGradientColor.swift in Sources */,
				C74DD7072AC7EDBC003BD704 /* PopupCutemsView.swift in Sources */,
				C74DD70B2AC80483003BD704 /* AuthenticationManager.swift in Sources */,
				C77BE36B2ACA81C700A38A37 /* InfoView.swift in Sources */,
				C7A9E5812AC4162600AC2CAF /* SignIn.swift in Sources */,
				C724CA3F2AC5830300D31458 /* SignInMethodGoogleView.swift in Sources */,
				C7F16E502AC2DD4E00EEA6F6 /* HeaderUser.swift in Sources */,
				C764E1872ACE90F6005CBB56 /* TabBarItemsPreferenceKey.swift in Sources */,
				C74DD70F2AC80494003BD704 /* SignInAppleHelper.swift in Sources */,
				C764E1882ACE90F6005CBB56 /* AppTabBarView.swift in Sources */,
				C70E22312ACBE21400F7229A /* LaunchView.swift in Sources */,
				C74DD7052AC7EB21003BD704 /* ButtonDismiss.swift in Sources */,
				C7BB1BCE2AD3E61700739B16 /* SelctionImageOrAvView.swift in Sources */,
				C7A9E5782AC3FAB300AC2CAF /* EditProfilesView.swift in Sources */,
				C7BB1BD02AD3E92200739B16 /* ImagesSectionView.swift in Sources */,
				C7A9E57A2AC3FB2C00AC2CAF /* ImagePicker.swift in Sources */,
				C74DD70D2AC8048C003BD704 /* SignInGoogleHelper.swift in Sources */,
				C7F16E382AC2DA7000EEA6F6 /* BubbleApp.swift in Sources */,
				C724CA3D2AC580FE00D31458 /* CornerRadiusStyle.swift in Sources */,
				C724CA3B2AC57D5700D31458 /* ButtonCutemsLogin.swift in Sources */,
				C7A9E5752AC3F78600AC2CAF /* ContentMapViewMolde.swift in Sources */,
				C764E1852ACE90F6005CBB56 /* TabBarItem.swift in Sources */,
				C724CA412AC58B9700D31458 /* SignInMethodGoogle.swift in Sources */,
				C7DE6E292ACC25E90012A8FD /* BottomSheetView.swift in Sources */,
				C78998B92ACC4BFE0087A067 /* LocationDitelsView.swift in Sources */,
				C7A9E57E2AC3FE6800AC2CAF /* ProfilesViewMolde.swift in Sources */,
				C7BB1BD22AD405FC00739B16 /* WhatDoView.swift in Sources */,
				C71FC5E32AC98EE700C44193 /* ProfilesHomeView.swift in Sources */,
				C7BB1BCC2AD3E3AE00739B16 /* AvatersView.swift in Sources */,
				C7A9E57C2AC3FD8100AC2CAF /* Color.swift in Sources */,
				C7DE6E2B2ACC2AB30012A8FD /* MapHomeView.swift in Sources */,
				C764E1892ACE90F6005CBB56 /* CustomTabBarContainerView.swift in Sources */,
			);
			runOnlyForDeploymentPostprocessing = 0;
		};
/* End PBXSourcesBuildPhase section */

/* Begin XCBuildConfiguration section */
		C7F16E402AC2DA7100EEA6F6 /* Debug */ = {
			isa = XCBuildConfiguration;
			buildSettings = {
				ALWAYS_SEARCH_USER_PATHS = NO;
				ASSETCATALOG_COMPILER_GENERATE_SWIFT_ASSET_SYMBOL_EXTENSIONS = YES;
				CLANG_ANALYZER_NONNULL = YES;
				CLANG_ANALYZER_NUMBER_OBJECT_CONVERSION = YES_AGGRESSIVE;
				CLANG_CXX_LANGUAGE_STANDARD = "gnu++20";
				CLANG_ENABLE_MODULES = YES;
				CLANG_ENABLE_OBJC_ARC = YES;
				CLANG_ENABLE_OBJC_WEAK = YES;
				CLANG_WARN_BLOCK_CAPTURE_AUTORELEASING = YES;
				CLANG_WARN_BOOL_CONVERSION = YES;
				CLANG_WARN_COMMA = YES;
				CLANG_WARN_CONSTANT_CONVERSION = YES;
				CLANG_WARN_DEPRECATED_OBJC_IMPLEMENTATIONS = YES;
				CLANG_WARN_DIRECT_OBJC_ISA_USAGE = YES_ERROR;
				CLANG_WARN_DOCUMENTATION_COMMENTS = YES;
				CLANG_WARN_EMPTY_BODY = YES;
				CLANG_WARN_ENUM_CONVERSION = YES;
				CLANG_WARN_INFINITE_RECURSION = YES;
				CLANG_WARN_INT_CONVERSION = YES;
				CLANG_WARN_NON_LITERAL_NULL_CONVERSION = YES;
				CLANG_WARN_OBJC_IMPLICIT_RETAIN_SELF = YES;
				CLANG_WARN_OBJC_LITERAL_CONVERSION = YES;
				CLANG_WARN_OBJC_ROOT_CLASS = YES_ERROR;
				CLANG_WARN_QUOTED_INCLUDE_IN_FRAMEWORK_HEADER = YES;
				CLANG_WARN_RANGE_LOOP_ANALYSIS = YES;
				CLANG_WARN_STRICT_PROTOTYPES = YES;
				CLANG_WARN_SUSPICIOUS_MOVE = YES;
				CLANG_WARN_UNGUARDED_AVAILABILITY = YES_AGGRESSIVE;
				CLANG_WARN_UNREACHABLE_CODE = YES;
				CLANG_WARN__DUPLICATE_METHOD_MATCH = YES;
				COPY_PHASE_STRIP = NO;
				DEBUG_INFORMATION_FORMAT = dwarf;
				ENABLE_STRICT_OBJC_MSGSEND = YES;
				ENABLE_TESTABILITY = YES;
				ENABLE_USER_SCRIPT_SANDBOXING = YES;
				GCC_C_LANGUAGE_STANDARD = gnu17;
				GCC_DYNAMIC_NO_PIC = NO;
				GCC_NO_COMMON_BLOCKS = YES;
				GCC_OPTIMIZATION_LEVEL = 0;
				GCC_PREPROCESSOR_DEFINITIONS = (
					"DEBUG=1",
					"$(inherited)",
				);
				GCC_WARN_64_TO_32_BIT_CONVERSION = YES;
				GCC_WARN_ABOUT_RETURN_TYPE = YES_ERROR;
				GCC_WARN_UNDECLARED_SELECTOR = YES;
				GCC_WARN_UNINITIALIZED_AUTOS = YES_AGGRESSIVE;
				GCC_WARN_UNUSED_FUNCTION = YES;
				GCC_WARN_UNUSED_VARIABLE = YES;
				IPHONEOS_DEPLOYMENT_TARGET = 17.0;
				LOCALIZATION_PREFERS_STRING_CATALOGS = YES;
				MTL_ENABLE_DEBUG_INFO = INCLUDE_SOURCE;
				MTL_FAST_MATH = YES;
				ONLY_ACTIVE_ARCH = YES;
				SDKROOT = iphoneos;
				SWIFT_ACTIVE_COMPILATION_CONDITIONS = "DEBUG $(inherited)";
				SWIFT_OPTIMIZATION_LEVEL = "-Onone";
			};
			name = Debug;
		};
		C7F16E412AC2DA7100EEA6F6 /* Release */ = {
			isa = XCBuildConfiguration;
			buildSettings = {
				ALWAYS_SEARCH_USER_PATHS = NO;
				ASSETCATALOG_COMPILER_GENERATE_SWIFT_ASSET_SYMBOL_EXTENSIONS = YES;
				CLANG_ANALYZER_NONNULL = YES;
				CLANG_ANALYZER_NUMBER_OBJECT_CONVERSION = YES_AGGRESSIVE;
				CLANG_CXX_LANGUAGE_STANDARD = "gnu++20";
				CLANG_ENABLE_MODULES = YES;
				CLANG_ENABLE_OBJC_ARC = YES;
				CLANG_ENABLE_OBJC_WEAK = YES;
				CLANG_WARN_BLOCK_CAPTURE_AUTORELEASING = YES;
				CLANG_WARN_BOOL_CONVERSION = YES;
				CLANG_WARN_COMMA = YES;
				CLANG_WARN_CONSTANT_CONVERSION = YES;
				CLANG_WARN_DEPRECATED_OBJC_IMPLEMENTATIONS = YES;
				CLANG_WARN_DIRECT_OBJC_ISA_USAGE = YES_ERROR;
				CLANG_WARN_DOCUMENTATION_COMMENTS = YES;
				CLANG_WARN_EMPTY_BODY = YES;
				CLANG_WARN_ENUM_CONVERSION = YES;
				CLANG_WARN_INFINITE_RECURSION = YES;
				CLANG_WARN_INT_CONVERSION = YES;
				CLANG_WARN_NON_LITERAL_NULL_CONVERSION = YES;
				CLANG_WARN_OBJC_IMPLICIT_RETAIN_SELF = YES;
				CLANG_WARN_OBJC_LITERAL_CONVERSION = YES;
				CLANG_WARN_OBJC_ROOT_CLASS = YES_ERROR;
				CLANG_WARN_QUOTED_INCLUDE_IN_FRAMEWORK_HEADER = YES;
				CLANG_WARN_RANGE_LOOP_ANALYSIS = YES;
				CLANG_WARN_STRICT_PROTOTYPES = YES;
				CLANG_WARN_SUSPICIOUS_MOVE = YES;
				CLANG_WARN_UNGUARDED_AVAILABILITY = YES_AGGRESSIVE;
				CLANG_WARN_UNREACHABLE_CODE = YES;
				CLANG_WARN__DUPLICATE_METHOD_MATCH = YES;
				COPY_PHASE_STRIP = NO;
				DEBUG_INFORMATION_FORMAT = "dwarf-with-dsym";
				ENABLE_NS_ASSERTIONS = NO;
				ENABLE_STRICT_OBJC_MSGSEND = YES;
				ENABLE_USER_SCRIPT_SANDBOXING = YES;
				GCC_C_LANGUAGE_STANDARD = gnu17;
				GCC_NO_COMMON_BLOCKS = YES;
				GCC_WARN_64_TO_32_BIT_CONVERSION = YES;
				GCC_WARN_ABOUT_RETURN_TYPE = YES_ERROR;
				GCC_WARN_UNDECLARED_SELECTOR = YES;
				GCC_WARN_UNINITIALIZED_AUTOS = YES_AGGRESSIVE;
				GCC_WARN_UNUSED_FUNCTION = YES;
				GCC_WARN_UNUSED_VARIABLE = YES;
				IPHONEOS_DEPLOYMENT_TARGET = 17.0;
				LOCALIZATION_PREFERS_STRING_CATALOGS = YES;
				MTL_ENABLE_DEBUG_INFO = NO;
				MTL_FAST_MATH = YES;
				SDKROOT = iphoneos;
				SWIFT_COMPILATION_MODE = wholemodule;
				VALIDATE_PRODUCT = YES;
			};
			name = Release;
		};
		C7F16E432AC2DA7100EEA6F6 /* Debug */ = {
			isa = XCBuildConfiguration;
			buildSettings = {
				ASSETCATALOG_COMPILER_APPICON_NAME = AppIcon;
				ASSETCATALOG_COMPILER_GLOBAL_ACCENT_COLOR_NAME = AccentColor;
				CODE_SIGN_STYLE = Automatic;
				CURRENT_PROJECT_VERSION = 1;
				DEVELOPMENT_ASSET_PATHS = "\"Bubble/Preview Content\"";
				DEVELOPMENT_TEAM = PDYNLMSQSH;
				ENABLE_PREVIEWS = YES;
				GENERATE_INFOPLIST_FILE = YES;
				INFOPLIST_KEY_NSLocationWhenInUseUsageDescription = "This app needs your loction to show your frineds";
				INFOPLIST_KEY_UIApplicationSceneManifest_Generation = YES;
				INFOPLIST_KEY_UIApplicationSupportsIndirectInputEvents = YES;
				INFOPLIST_KEY_UILaunchScreen_Generation = YES;
				INFOPLIST_KEY_UILaunchStoryboardName = "Launch Screen.storyboard";
				INFOPLIST_KEY_UISupportedInterfaceOrientations_iPad = "UIInterfaceOrientationPortrait UIInterfaceOrientationPortraitUpsideDown UIInterfaceOrientationLandscapeLeft UIInterfaceOrientationLandscapeRight";
				INFOPLIST_KEY_UISupportedInterfaceOrientations_iPhone = "UIInterfaceOrientationPortrait UIInterfaceOrientationLandscapeLeft UIInterfaceOrientationLandscapeRight";
				IPHONEOS_DEPLOYMENT_TARGET = 17;
				LD_RUNPATH_SEARCH_PATHS = (
					"$(inherited)",
					"@executable_path/Frameworks",
				);
				MARKETING_VERSION = 1.0;
				PRODUCT_BUNDLE_IDENTIFIER = AbubakrFutaini.Bubble;
				PRODUCT_NAME = "$(TARGET_NAME)";
				SWIFT_EMIT_LOC_STRINGS = YES;
				SWIFT_VERSION = 5.0;
				TARGETED_DEVICE_FAMILY = "1,2";
			};
			name = Debug;
		};
		C7F16E442AC2DA7100EEA6F6 /* Release */ = {
			isa = XCBuildConfiguration;
			buildSettings = {
				ASSETCATALOG_COMPILER_APPICON_NAME = AppIcon;
				ASSETCATALOG_COMPILER_GLOBAL_ACCENT_COLOR_NAME = AccentColor;
				CODE_SIGN_STYLE = Automatic;
				CURRENT_PROJECT_VERSION = 1;
				DEVELOPMENT_ASSET_PATHS = "\"Bubble/Preview Content\"";
				DEVELOPMENT_TEAM = PDYNLMSQSH;
				ENABLE_PREVIEWS = YES;
				GENERATE_INFOPLIST_FILE = YES;
				INFOPLIST_KEY_NSLocationWhenInUseUsageDescription = "This app needs your loction to show your frineds";
				INFOPLIST_KEY_UIApplicationSceneManifest_Generation = YES;
				INFOPLIST_KEY_UIApplicationSupportsIndirectInputEvents = YES;
				INFOPLIST_KEY_UILaunchScreen_Generation = YES;
				INFOPLIST_KEY_UILaunchStoryboardName = "Launch Screen.storyboard";
				INFOPLIST_KEY_UISupportedInterfaceOrientations_iPad = "UIInterfaceOrientationPortrait UIInterfaceOrientationPortraitUpsideDown UIInterfaceOrientationLandscapeLeft UIInterfaceOrientationLandscapeRight";
				INFOPLIST_KEY_UISupportedInterfaceOrientations_iPhone = "UIInterfaceOrientationPortrait UIInterfaceOrientationLandscapeLeft UIInterfaceOrientationLandscapeRight";
				IPHONEOS_DEPLOYMENT_TARGET = 17;
				LD_RUNPATH_SEARCH_PATHS = (
					"$(inherited)",
					"@executable_path/Frameworks",
				);
				MARKETING_VERSION = 1.0;
				PRODUCT_BUNDLE_IDENTIFIER = AbubakrFutaini.Bubble;
				PRODUCT_NAME = "$(TARGET_NAME)";
				SWIFT_EMIT_LOC_STRINGS = YES;
				SWIFT_VERSION = 5.0;
				TARGETED_DEVICE_FAMILY = "1,2";
			};
			name = Release;
		};
/* End XCBuildConfiguration section */

/* Begin XCConfigurationList section */
		C7F16E2F2AC2DA7000EEA6F6 /* Build configuration list for PBXProject "Bubble" */ = {
			isa = XCConfigurationList;
			buildConfigurations = (
				C7F16E402AC2DA7100EEA6F6 /* Debug */,
				C7F16E412AC2DA7100EEA6F6 /* Release */,
			);
			defaultConfigurationIsVisible = 0;
			defaultConfigurationName = Release;
		};
		C7F16E422AC2DA7100EEA6F6 /* Build configuration list for PBXNativeTarget "Bubble" */ = {
			isa = XCConfigurationList;
			buildConfigurations = (
				C7F16E432AC2DA7100EEA6F6 /* Debug */,
				C7F16E442AC2DA7100EEA6F6 /* Release */,
			);
			defaultConfigurationIsVisible = 0;
			defaultConfigurationName = Release;
		};
/* End XCConfigurationList section */
	};
	rootObject = C7F16E2C2AC2DA7000EEA6F6 /* Project object */;
}
